
Microsoft Visual Studio Solution File, Format Version 12.00
# Visual Studio 15
VisualStudioVersion = 15.0.28307.539
MinimumVisualStudioVersion = 10.0.40219.1
Project("{8BC9CEB8-8B4A-11D0-8D11-00A0C91BC942}") = "sofa~", "sofa~.vcxproj", "{D7D2B050-0FAC-4326-89AD-C82254541416}"
EndProject
Project("{8BC9CEB8-8B4A-11D0-8D11-00A0C91BC942}") = "sofa.info~", "sofa_info~.vcxproj", "{FBE2DACC-6965-477B-B556-ED629BAA76D0}"
EndProject
Project("{8BC9CEB8-8B4A-11D0-8D11-00A0C91BC942}") = "sofa.hrir~", "sofa_hrir~.vcxproj", "{E647B52C-9766-4230-AE17-2FABE9C9BD6A}"
EndProject
Project("{8BC9CEB8-8B4A-11D0-8D11-00A0C91BC942}") = "sofa.fir~", "sofa_fir~.vcxproj", "{7AC622F4-2CA2-415F-8FE1-FE7311A4407E}"
EndProject
Project("{8BC9CEB8-8B4A-11D0-8D11-00A0C91BC942}") = "sofa.genfire~", "sofa_genfire~.vcxproj", "{61DE8FEB-5424-4B36-A990-7517919084EE}"
EndProject
Project("{8BC9CEB8-8B4A-11D0-8D11-00A0C91BC942}") = "sofa.msbrir~", "sofa_msbrir~.vcxproj", "{7EE209E1-2BB7-47E4-90BC-D08C1822F29E}"
EndProject
Project("{8BC9CEB8-8B4A-11D0-8D11-00A0C91BC942}") = "sofa.srdrir~", "sofa_srdrir~.vcxproj", "{571F93B2-7690-4389-AB7B-88E91A8925C8}"
EndProject
Global
	GlobalSection(SolutionConfigurationPlatforms) = preSolution
		Debug|x64 = Debug|x64
		Debug|x86 = Debug|x86
		Release|x64 = Release|x64
		Release|x86 = Release|x86
	EndGlobalSection
	GlobalSection(ProjectConfigurationPlatforms) = postSolution
		{D7D2B050-0FAC-4326-89AD-C82254541416}.Debug|x64.ActiveCfg = Debug|x64
		{D7D2B050-0FAC-4326-89AD-C82254541416}.Debug|x64.Build.0 = Debug|x64
		{D7D2B050-0FAC-4326-89AD-C82254541416}.Debug|x86.ActiveCfg = Debug|Win32
		{D7D2B050-0FAC-4326-89AD-C82254541416}.Debug|x86.Build.0 = Debug|Win32
		{D7D2B050-0FAC-4326-89AD-C82254541416}.Release|x64.ActiveCfg = Release|x64
		{D7D2B050-0FAC-4326-89AD-C82254541416}.Release|x64.Build.0 = Release|x64
		{D7D2B050-0FAC-4326-89AD-C82254541416}.Release|x86.ActiveCfg = Release|Win32
		{D7D2B050-0FAC-4326-89AD-C82254541416}.Release|x86.Build.0 = Release|Win32
		{FBE2DACC-6965-477B-B556-ED629BAA76D0}.Debug|x64.ActiveCfg = Debug|x64
		{FBE2DACC-6965-477B-B556-ED629BAA76D0}.Debug|x64.Build.0 = Debug|x64
		{FBE2DACC-6965-477B-B556-ED629BAA76D0}.Debug|x86.ActiveCfg = Debug|Win32
		{FBE2DACC-6965-477B-B556-ED629BAA76D0}.Debug|x86.Build.0 = Debug|Win32
		{FBE2DACC-6965-477B-B556-ED629BAA76D0}.Release|x64.ActiveCfg = Release|x64
		{FBE2DACC-6965-477B-B556-ED629BAA76D0}.Release|x64.Build.0 = Release|x64
		{FBE2DACC-6965-477B-B556-ED629BAA76D0}.Release|x86.ActiveCfg = Release|Win32
		{FBE2DACC-6965-477B-B556-ED629BAA76D0}.Release|x86.Build.0 = Release|Win32
		{E647B52C-9766-4230-AE17-2FABE9C9BD6A}.Debug|x64.ActiveCfg = Debug|x64
		{E647B52C-9766-4230-AE17-2FABE9C9BD6A}.Debug|x64.Build.0 = Debug|x64
		{E647B52C-9766-4230-AE17-2FABE9C9BD6A}.Debug|x86.ActiveCfg = Debug|Win32
		{E647B52C-9766-4230-AE17-2FABE9C9BD6A}.Debug|x86.Build.0 = Debug|Win32
		{E647B52C-9766-4230-AE17-2FABE9C9BD6A}.Release|x64.ActiveCfg = Release|x64
		{E647B52C-9766-4230-AE17-2FABE9C9BD6A}.Release|x64.Build.0 = Release|x64
		{E647B52C-9766-4230-AE17-2FABE9C9BD6A}.Release|x86.ActiveCfg = Release|Win32
		{E647B52C-9766-4230-AE17-2FABE9C9BD6A}.Release|x86.Build.0 = Release|Win32
		{7AC622F4-2CA2-415F-8FE1-FE7311A4407E}.Debug|x64.ActiveCfg = Debug|x64
		{7AC622F4-2CA2-415F-8FE1-FE7311A4407E}.Debug|x64.Build.0 = Debug|x64
		{7AC622F4-2CA2-415F-8FE1-FE7311A4407E}.Debug|x86.ActiveCfg = Debug|Win32
		{7AC622F4-2CA2-415F-8FE1-FE7311A4407E}.Debug|x86.Build.0 = Debug|Win32
		{7AC622F4-2CA2-415F-8FE1-FE7311A4407E}.Release|x64.ActiveCfg = Release|x64
		{7AC622F4-2CA2-415F-8FE1-FE7311A4407E}.Release|x64.Build.0 = Release|x64
		{7AC622F4-2CA2-415F-8FE1-FE7311A4407E}.Release|x86.ActiveCfg = Release|Win32
		{7AC622F4-2CA2-415F-8FE1-FE7311A4407E}.Release|x86.Build.0 = Release|Win32
		{61DE8FEB-5424-4B36-A990-7517919084EE}.Debug|x64.ActiveCfg = Debug|x64
		{61DE8FEB-5424-4B36-A990-7517919084EE}.Debug|x64.Build.0 = Debug|x64
		{61DE8FEB-5424-4B36-A990-7517919084EE}.Debug|x86.ActiveCfg = Debug|Win32
		{61DE8FEB-5424-4B36-A990-7517919084EE}.Debug|x86.Build.0 = Debug|Win32
		{61DE8FEB-5424-4B36-A990-7517919084EE}.Release|x64.ActiveCfg = Release|x64
		{61DE8FEB-5424-4B36-A990-7517919084EE}.Release|x64.Build.0 = Release|x64
		{61DE8FEB-5424-4B36-A990-7517919084EE}.Release|x86.ActiveCfg = Release|Win32
		{61DE8FEB-5424-4B36-A990-7517919084EE}.Release|x86.Build.0 = Release|Win32
		{7EE209E1-2BB7-47E4-90BC-D08C1822F29E}.Debug|x64.ActiveCfg = Debug|x64
		{7EE209E1-2BB7-47E4-90BC-D08C1822F29E}.Debug|x64.Build.0 = Debug|x64
		{7EE209E1-2BB7-47E4-90BC-D08C1822F29E}.Debug|x86.ActiveCfg = Debug|Win32
		{7EE209E1-2BB7-47E4-90BC-D08C1822F29E}.Debug|x86.Build.0 = Debug|Win32
		{7EE209E1-2BB7-47E4-90BC-D08C1822F29E}.Release|x64.ActiveCfg = Release|x64
		{7EE209E1-2BB7-47E4-90BC-D08C1822F29E}.Release|x64.Build.0 = Release|x64
		{7EE209E1-2BB7-47E4-90BC-D08C1822F29E}.Release|x86.ActiveCfg = Release|Win32
		{7EE209E1-2BB7-47E4-90BC-D08C1822F29E}.Release|x86.Build.0 = Release|Win32
		{571F93B2-7690-4389-AB7B-88E91A8925C8}.Debug|x64.ActiveCfg = Debug|x64
		{571F93B2-7690-4389-AB7B-88E91A8925C8}.Debug|x64.Build.0 = Debug|x64
		{571F93B2-7690-4389-AB7B-88E91A8925C8}.Debug|x86.ActiveCfg = Debug|Win32
		{571F93B2-7690-4389-AB7B-88E91A8925C8}.Debug|x86.Build.0 = Debug|Win32
		{571F93B2-7690-4389-AB7B-88E91A8925C8}.Release|x64.ActiveCfg = Release|x64
		{571F93B2-7690-4389-AB7B-88E91A8925C8}.Release|x64.Build.0 = Release|x64
		{571F93B2-7690-4389-AB7B-88E91A8925C8}.Release|x86.ActiveCfg = Release|Win32
		{571F93B2-7690-4389-AB7B-88E91A8925C8}.Release|x86.Build.0 = Release|Win32
	EndGlobalSection
	GlobalSection(SolutionProperties) = preSolution
		HideSolutionNode = FALSE
	EndGlobalSection
	GlobalSection(ExtensibilityGlobals) = postSolution
		SolutionGuid = {EE2D5735-6AB0-4A82-ABFD-9D53C1C38281}
	EndGlobalSection
EndGlobal
